
Microsoft Visual Studio Solution File, Format Version 12.00
# Visual Studio Version 16
VisualStudioVersion = 16.0.31313.79
MinimumVisualStudioVersion = 10.0.40219.1
Project("{FAE04EC0-301F-11D3-BF4B-00C04F79EFBC}") = "WebApplication1", "WebApplication1\WebApplication1.csproj", "{EB60A870-0A51-41DE-A98E-9B84CDEC080F}"
EndProject
Global
	GlobalSection(SolutionConfigurationPlatforms) = preSolution
		Debug|Any CPU = Debug|Any CPU
		Release|Any CPU = Release|Any CPU
	EndGlobalSection
	GlobalSection(ProjectConfigurationPlatforms) = postSolution
		{EB60A870-0A51-41DE-A98E-9B84CDEC080F}.Debug|Any CPU.ActiveCfg = Debug|Any CPU
		{EB60A870-0A51-41DE-A98E-9B84CDEC080F}.Debug|Any CPU.Build.0 = Debug|Any CPU
		{EB60A870-0A51-41DE-A98E-9B84CDEC080F}.Release|Any CPU.ActiveCfg = Release|Any CPU
		{EB60A870-0A51-41DE-A98E-9B84CDEC080F}.Release|Any CPU.Build.0 = Release|Any CPU
	EndGlobalSection
	GlobalSection(SolutionProperties) = preSolution
		HideSolutionNode = FALSE
	EndGlobalSection
	GlobalSection(ExtensibilityGlobals) = postSolution
		SolutionGuid = {FF8E2965-CD68-466C-9659-636756D2E45D}
	EndGlobalSection
EndGlobal
